github.com/cheekybits/is v0.0.0-20150225183255-68e9c0620927/go.mod h1:h/aW8ynjgkuj+NQRlZcDbAbM1ORAbXjXX77sX7T289U=
github.com/davecgh/go-spew v1.1.1 h1:vj9j/u1bqnvCEfJOwUhtlOARqs3+rkHYY13jYWTU97c=
github.com/davecgh/go-spew v1.1.1/go.mod h1:J7Y8YcW2NihsgmVo/mv3lAwl/skON4iLHjSsI+c5H38=
github.com/dustin/go-humanize v1.0.0/go.mod h1:HtrtbFcZ19U5GC7JDqmcUSB87Iq5E25KnS6fMYU6eOk=
github.com/fsnotify/fsnotify v1.4.7/go.mod h1:jwhsz4b93w/PPRr/qN1Yymfu8t87LnFCMoQvtojpjFo=
github.com/goji/param v0.0.0-20160927210335-d7f49fd7d1ed h1:4ZXAJ/IvcryiUPDddal4P7mu6V0+PoBe+2tKG6TNQtc=
github.com/goji/param v0.0.0-20160927210335-d7f49fd7d1ed/go.mod h1:GZJblUu7ACjguvQUK2un6nQBlnZk7H1MzXZdfrFUd8Q=
github.com/matryer/try v0.0.0-20161228173917-9ac251b645a2/go.mod h1:0KeJpeMD6o+O4hW7qJOT7vyQPKrWmj26uf5wMc/IiIs=
github.com/pmezard/go-difflib v1.0.0 h1:4DBwDE0NGyQoBHbLQYPwSUPoCMWR5BEzIk/f1lZbAQM=
github.com/pmezard/go-difflib v1.0.0/go.mod h1:iKH77koFhYxTK1pcRnkKkqfTogsbg7gZNVY4sRDYZ/4=
github.com/rjeczalik/notify v0.9.2 h1:MiTWrPj55mNDHEiIX5YUSKefw/+lCQVoAFmD6oQm5w8=
github.com/rjeczalik/notify v0.9.2/go.mod h1:aErll2f0sUX9PXZnVNyeiObbmTlk5jnMoCa4QEjJeqM=
github.com/spf13/pflag v1.0.3/go.mod h1:DYY7MBk1bdzusC3SYhjObp+wFpr4gzcvqqNjLnInEg4=
github.com/tdewolff/minify/v2 v2.3.8 h1:Eyv23Tu+Rb5Q2vyxmvzUgtHetgneqAsaGv3950s1EeA=
github.com/tdewolff/minify/v2 v2.3.8/go.mod h1:DD1stRlSx6JsHfl1+E/HVMQeXiec9rD1UQ0epklIZLc=
github.com/tdewolff/parse/v2 v2.3.5 h1:/uS8JfhwVJsNkEh769GM5ENv6L9LOh2Z9uW3tCdlhs0=
github.com/tdewolff/parse/v2 v2.3.5/go.mod h1:HansaqmN4I/U7L6/tUp0NcwT2tFO0F4EAWYGSDzkYNk=
github.com/tdewolff/test v1.0.0 h1:jOwzqCXr5ePXEPGJaq2ivoR6HOCi+D5TPfpoyg8yvmU=
github.com/tdewolff/test v1.0.0/go.mod h1:DiQUlutnqlEvdvhSn2LPGy4TFwRauAaYDsL+683RNX4=
github.com/thatguystone/cog v0.0.0-20181219042148-944a78a7ce02 h1:mVKcGsyfJi5JW8uJzV9hJXsO78SFWEzlsB+uPC4H+uQ=
github.com/thatguystone/cog v0.0.0-20181219042148-944a78a7ce02/go.mod h1:qjN5Ulawdts3nakUshfsx7phr//cFWAn5hugUoefk5Q=
github.com/wellington/go-libsass v0.9.2 h1:6Ims04UDdBs6/CGSVK5JC8FNikR5ssrsMMKE/uaO5Q8=
github.com/wellington/go-libsass v0.9.2/go.mod h1:mxgxgam0N0E+NAUMHLcu20Ccfc3mVpDkyrLDayqfiTs=
golang.org/x/net v0.0.0-20181217023233-e147a9138326 h1:iCzOf0xz39Tstp+Tu/WwyGjUXCk34QhQORRxBeXXTA4=
golang.org/x/net v0.0.0-20181217023233-e147a9138326/go.mod h1:mL1N/T3taQHkDXs73rZJwtUhF3w3ftmwwsq0BUmARs4=
golang.org/x/sync v0.0.0-20181108010431-42b317875d0f h1:Bl/8QSvNqXvPGPGXa2z5xUTmV7VDcZyvRZ+QQXkXTZQ=
golang.org/x/sync v0.0.0-20181108010431-42b317875d0f/go.mod h1:RxMgew5VJxzue5/jJTE5uejpjVlOe/izrB70Jof72aM=
golang.org/x/sys v0.0.0-20180926160741-c2ed4eda69e7/go.mod h1:STP8DvDyc/dI5b8T5hshtkjS+E42TnysNCUPdjciGhY=
golang.org/x/sys v0.0.0-20181031143558-9b800f95dbbc/go.mod h1:STP8DvDyc/dI5b8T5hshtkjS+E42TnysNCUPdjciGhY=
golang.org/x/sys v0.0.0-20181218192612-074acd46bca6 h1:MXtOG7w2ND9qNCUZSDBGll/SpVIq7ftozR9I8/JGBHY=
golang.org/x/sys v0.0.0-20181218192612-074acd46bca6/go.mod h1:STP8DvDyc/dI5b8T5hshtkjS+E42TnysNCUPdjciGhY=
