github.com/davecgh/go-spew v1.1.1 h1:vj9j/u1bqnvCEfJOwUhtlOARqs3+rkHYY13jYWTU97c=
github.com/davecgh/go-spew v1.1.1/go.mod h1:J7Y8YcW2NihsgmVo/mv3lAwl/skON4iLHjSsI+c5H38=
github.com/goji/param v0.0.0-20160927210335-d7f49fd7d1ed h1:4ZXAJ/IvcryiUPDddal4P7mu6V0+PoBe+2tKG6TNQtc=
github.com/goji/param v0.0.0-20160927210335-d7f49fd7d1ed/go.mod h1:GZJblUu7ACjguvQUK2un6nQBlnZk7H1MzXZdfrFUd8Q=
github.com/pmezard/go-difflib v1.0.0 h1:4DBwDE0NGyQoBHbLQYPwSUPoCMWR5BEzIk/f1lZbAQM=
github.com/pmezard/go-difflib v1.0.0/go.mod h1:iKH77koFhYxTK1pcRnkKkqfTogsbg7gZNVY4sRDYZ/4=
github.com/rjeczalik/notify v0.9.2 h1:MiTWrPj55mNDHEiIX5YUSKefw/+lCQVoAFmD6oQm5w8=
github.com/rjeczalik/notify v0.9.2/go.mod h1:aErll2f0sUX9PXZnVNyeiObbmTlk5jnMoCa4QEjJeqM=
github.com/tdewolff/minify v2.3.6+incompatible h1:2hw5/9ZvxhWLvBUnHE06gElGYz+Jv9R4Eys0XUzItYo=
github.com/tdewolff/minify v2.3.6+incompatible/go.mod h1:9Ov578KJUmAWpS6NeZwRZyT56Uf6o3Mcz9CEsg8USYs=
github.com/tdewolff/parse v2.3.4+incompatible h1:x05/cnGwIMf4ceLuDMBOdQ1qGniMoxpP46ghf0Qzh38=
github.com/tdewolff/parse v2.3.4+incompatible/go.mod h1:8oBwCsVmUkgHO8M5iCzSIDtpzXOT0WXX9cWhz+bIzJQ=
github.com/tdewolff/test v1.0.0 h1:jOwzqCXr5ePXEPGJaq2ivoR6HOCi+D5TPfpoyg8yvmU=
github.com/tdewolff/test v1.0.0/go.mod h1:DiQUlutnqlEvdvhSn2LPGy4TFwRauAaYDsL+683RNX4=
github.com/thatguystone/cog v0.0.0-20181219042148-944a78a7ce02 h1:mVKcGsyfJi5JW8uJzV9hJXsO78SFWEzlsB+uPC4H+uQ=
github.com/thatguystone/cog v0.0.0-20181219042148-944a78a7ce02/go.mod h1:qjN5Ulawdts3nakUshfsx7phr//cFWAn5hugUoefk5Q=
github.com/wellington/go-libsass v0.9.2 h1:6Ims04UDdBs6/CGSVK5JC8FNikR5ssrsMMKE/uaO5Q8=
github.com/wellington/go-libsass v0.9.2/go.mod h1:mxgxgam0N0E+NAUMHLcu20Ccfc3mVpDkyrLDayqfiTs=
golang.org/x/net v0.0.0-20181217023233-e147a9138326 h1:iCzOf0xz39Tstp+Tu/WwyGjUXCk34QhQORRxBeXXTA4=
golang.org/x/net v0.0.0-20181217023233-e147a9138326/go.mod h1:mL1N/T3taQHkDXs73rZJwtUhF3w3ftmwwsq0BUmARs4=
golang.org/x/sync v0.0.0-20181108010431-42b317875d0f h1:Bl/8QSvNqXvPGPGXa2z5xUTmV7VDcZyvRZ+QQXkXTZQ=
golang.org/x/sync v0.0.0-20181108010431-42b317875d0f/go.mod h1:RxMgew5VJxzue5/jJTE5uejpjVlOe/izrB70Jof72aM=
golang.org/x/sys v0.0.0-20180926160741-c2ed4eda69e7/go.mod h1:STP8DvDyc/dI5b8T5hshtkjS+E42TnysNCUPdjciGhY=
golang.org/x/sys v0.0.0-20181218192612-074acd46bca6 h1:MXtOG7w2ND9qNCUZSDBGll/SpVIq7ftozR9I8/JGBHY=
golang.org/x/sys v0.0.0-20181218192612-074acd46bca6/go.mod h1:STP8DvDyc/dI5b8T5hshtkjS+E42TnysNCUPdjciGhY=
